// !$*UTF8*$!
{
	archiveVersion = 1;
	classes = {
	};
	objectVersion = 50;
	objects = {

/* Begin PBXBuildFile section */
		BE6C60C42193392900323732 /* LoginViewController.swift in Sources */ = {isa = PBXBuildFile; fileRef = BE6C60C32193392900323732 /* LoginViewController.swift */; };
		BE6D47CE214004DC00A9B13C /* AppDelegate.swift in Sources */ = {isa = PBXBuildFile; fileRef = BE6D47CD214004DC00A9B13C /* AppDelegate.swift */; };
		BE6D47D3214004DC00A9B13C /* Main.storyboard in Resources */ = {isa = PBXBuildFile; fileRef = BE6D47D1214004DC00A9B13C /* Main.storyboard */; };
		BE6D47D5214004DE00A9B13C /* Assets.xcassets in Resources */ = {isa = PBXBuildFile; fileRef = BE6D47D4214004DE00A9B13C /* Assets.xcassets */; };
		BE6D47D8214004DE00A9B13C /* LaunchScreen.storyboard in Resources */ = {isa = PBXBuildFile; fileRef = BE6D47D6214004DE00A9B13C /* LaunchScreen.storyboard */; };
		BE6D47E3214004DE00A9B13C /* uiTestingUITests.swift in Sources */ = {isa = PBXBuildFile; fileRef = BE6D47E2214004DE00A9B13C /* uiTestingUITests.swift */; };
		BE6D47EE21401DDA00A9B13C /* AppTableViewController.swift in Sources */ = {isa = PBXBuildFile; fileRef = BE6D47ED21401DDA00A9B13C /* AppTableViewController.swift */; };
		BE6D47F021401EE400A9B13C /* App.swift in Sources */ = {isa = PBXBuildFile; fileRef = BE6D47EF21401EE400A9B13C /* App.swift */; };
		BE6D47F221403CAA00A9B13C /* AppTableViewCell.swift in Sources */ = {isa = PBXBuildFile; fileRef = BE6D47F121403CAA00A9B13C /* AppTableViewCell.swift */; };
		BE98BC6121A6AC69000F5857 /* Snap.framework in Frameworks */ = {isa = PBXBuildFile; fileRef = BE98BC5021A6A650000F5857 /* Snap.framework */; };
		BE98BC6221A6AC69000F5857 /* CwlPreconditionTesting.framework in Frameworks */ = {isa = PBXBuildFile; fileRef = BE98BC5B21A6AA28000F5857 /* CwlPreconditionTesting.framework */; };
		BE98BC6321A6AC69000F5857 /* CwlCatchException.framework in Frameworks */ = {isa = PBXBuildFile; fileRef = BE98BC5C21A6AA28000F5857 /* CwlCatchException.framework */; };
		BEB3E7DF2177651E00E7A500 /* DetailAppViewController.swift in Sources */ = {isa = PBXBuildFile; fileRef = BEB3E7DE2177651E00E7A500 /* DetailAppViewController.swift */; };
		BEF71B0621A5B57200BC4688 /* XCTestCase+WaitElement.swift in Sources */ = {isa = PBXBuildFile; fileRef = BEF71B0521A5B57200BC4688 /* XCTestCase+WaitElement.swift */; };
/* End PBXBuildFile section */

/* Begin PBXContainerItemProxy section */
		BE6D47DF214004DE00A9B13C /* PBXContainerItemProxy */ = {
			isa = PBXContainerItemProxy;
			containerPortal = BE6D47C2214004DC00A9B13C /* Project object */;
			proxyType = 1;
			remoteGlobalIDString = BE6D47C9214004DC00A9B13C;
			remoteInfo = uiTesting;
		};
/* End PBXContainerItemProxy section */

/* Begin PBXFileReference section */
		BE6C60C32193392900323732 /* LoginViewController.swift */ = {isa = PBXFileReference; lastKnownFileType = sourcecode.swift; path = LoginViewController.swift; sourceTree = "<group>"; };
		BE6D47CA214004DC00A9B13C /* uiTesting.app */ = {isa = PBXFileReference; explicitFileType = wrapper.application; includeInIndex = 0; path = uiTesting.app; sourceTree = BUILT_PRODUCTS_DIR; };
		BE6D47CD214004DC00A9B13C /* AppDelegate.swift */ = {isa = PBXFileReference; lastKnownFileType = sourcecode.swift; path = AppDelegate.swift; sourceTree = "<group>"; };
		BE6D47D2214004DC00A9B13C /* Base */ = {isa = PBXFileReference; lastKnownFileType = file.storyboard; name = Base; path = Base.lproj/Main.storyboard; sourceTree = "<group>"; };
		BE6D47D4214004DE00A9B13C /* Assets.xcassets */ = {isa = PBXFileReference; lastKnownFileType = folder.assetcatalog; path = Assets.xcassets; sourceTree = "<group>"; };
		BE6D47D7214004DE00A9B13C /* Base */ = {isa = PBXFileReference; lastKnownFileType = file.storyboard; name = Base; path = Base.lproj/LaunchScreen.storyboard; sourceTree = "<group>"; };
		BE6D47D9214004DE00A9B13C /* Info.plist */ = {isa = PBXFileReference; lastKnownFileType = text.plist.xml; path = Info.plist; sourceTree = "<group>"; };
		BE6D47DE214004DE00A9B13C /* uiTestingUITests.xctest */ = {isa = PBXFileReference; explicitFileType = wrapper.cfbundle; includeInIndex = 0; path = uiTestingUITests.xctest; sourceTree = BUILT_PRODUCTS_DIR; };
		BE6D47E2214004DE00A9B13C /* uiTestingUITests.swift */ = {isa = PBXFileReference; lastKnownFileType = sourcecode.swift; path = uiTestingUITests.swift; sourceTree = "<group>"; };
		BE6D47E4214004DE00A9B13C /* Info.plist */ = {isa = PBXFileReference; lastKnownFileType = text.plist.xml; path = Info.plist; sourceTree = "<group>"; };
		BE6D47ED21401DDA00A9B13C /* AppTableViewController.swift */ = {isa = PBXFileReference; lastKnownFileType = sourcecode.swift; path = AppTableViewController.swift; sourceTree = "<group>"; };
		BE6D47EF21401EE400A9B13C /* App.swift */ = {isa = PBXFileReference; lastKnownFileType = sourcecode.swift; path = App.swift; sourceTree = "<group>"; };
		BE6D47F121403CAA00A9B13C /* AppTableViewCell.swift */ = {isa = PBXFileReference; lastKnownFileType = sourcecode.swift; path = AppTableViewCell.swift; sourceTree = "<group>"; };
		BE98BC5021A6A650000F5857 /* Snap.framework */ = {isa = PBXFileReference; lastKnownFileType = wrapper.framework; name = Snap.framework; path = Carthage/Build/iOS/Snap.framework; sourceTree = "<group>"; };
		BE98BC5B21A6AA28000F5857 /* CwlPreconditionTesting.framework */ = {isa = PBXFileReference; lastKnownFileType = wrapper.framework; name = CwlPreconditionTesting.framework; path = Carthage/Build/iOS/CwlPreconditionTesting.framework; sourceTree = "<group>"; };
		BE98BC5C21A6AA28000F5857 /* CwlCatchException.framework */ = {isa = PBXFileReference; lastKnownFileType = wrapper.framework; name = CwlCatchException.framework; path = Carthage/Build/iOS/CwlCatchException.framework; sourceTree = "<group>"; };
		BEB3E7DE2177651E00E7A500 /* DetailAppViewController.swift */ = {isa = PBXFileReference; lastKnownFileType = sourcecode.swift; path = DetailAppViewController.swift; sourceTree = "<group>"; };
		BEF71B0521A5B57200BC4688 /* XCTestCase+WaitElement.swift */ = {isa = PBXFileReference; lastKnownFileType = sourcecode.swift; path = "XCTestCase+WaitElement.swift"; sourceTree = "<group>"; };
/* End PBXFileReference section */

/* Begin PBXFrameworksBuildPhase section */
		BE6D47C7214004DC00A9B13C /* Frameworks */ = {
			isa = PBXFrameworksBuildPhase;
			buildActionMask = 2147483647;
			files = (
			);
			runOnlyForDeploymentPostprocessing = 0;
		};
		BE6D47DB214004DE00A9B13C /* Frameworks */ = {
			isa = PBXFrameworksBuildPhase;
			buildActionMask = 2147483647;
			files = (
				BE98BC6121A6AC69000F5857 /* Snap.framework in Frameworks */,
				BE98BC6221A6AC69000F5857 /* CwlPreconditionTesting.framework in Frameworks */,
				BE98BC6321A6AC69000F5857 /* CwlCatchException.framework in Frameworks */,
			);
			runOnlyForDeploymentPostprocessing = 0;
		};
/* End PBXFrameworksBuildPhase section */

/* Begin PBXGroup section */
		BE6D47C1214004DC00A9B13C = {
			isa = PBXGroup;
			children = (
				BE6D47CC214004DC00A9B13C /* uiTesting */,
				BE6D47E1214004DE00A9B13C /* uiTestingUITests */,
				BE6D47CB214004DC00A9B13C /* Products */,
				BE98BC4F21A6A650000F5857 /* Frameworks */,
			);
			sourceTree = "<group>";
		};
		BE6D47CB214004DC00A9B13C /* Products */ = {
			isa = PBXGroup;
			children = (
				BE6D47CA214004DC00A9B13C /* uiTesting.app */,
				BE6D47DE214004DE00A9B13C /* uiTestingUITests.xctest */,
			);
			name = Products;
			sourceTree = "<group>";
		};
		BE6D47CC214004DC00A9B13C /* uiTesting */ = {
			isa = PBXGroup;
			children = (
				BE6D47CD214004DC00A9B13C /* AppDelegate.swift */,
				BE6C60C32193392900323732 /* LoginViewController.swift */,
				BE6D47ED21401DDA00A9B13C /* AppTableViewController.swift */,
				BE6D47F121403CAA00A9B13C /* AppTableViewCell.swift */,
				BEB3E7DE2177651E00E7A500 /* DetailAppViewController.swift */,
				BE6D47D4214004DE00A9B13C /* Assets.xcassets */,
				BE6D47D1214004DC00A9B13C /* Main.storyboard */,
				BE6D47D6214004DE00A9B13C /* LaunchScreen.storyboard */,
				BE6D47D9214004DE00A9B13C /* Info.plist */,
				BE6D47EF21401EE400A9B13C /* App.swift */,
			);
			path = uiTesting;
			sourceTree = "<group>";
		};
		BE6D47E1214004DE00A9B13C /* uiTestingUITests */ = {
			isa = PBXGroup;
			children = (
				BE6D47E2214004DE00A9B13C /* uiTestingUITests.swift */,
				BE6D47E4214004DE00A9B13C /* Info.plist */,
				BEF71B0521A5B57200BC4688 /* XCTestCase+WaitElement.swift */,
			);
			path = uiTestingUITests;
			sourceTree = "<group>";
		};
		BE98BC4F21A6A650000F5857 /* Frameworks */ = {
			isa = PBXGroup;
			children = (
				BE98BC5C21A6AA28000F5857 /* CwlCatchException.framework */,
				BE98BC5B21A6AA28000F5857 /* CwlPreconditionTesting.framework */,
				BE98BC5021A6A650000F5857 /* Snap.framework */,
			);
			name = Frameworks;
			sourceTree = "<group>";
		};
/* End PBXGroup section */

/* Begin PBXNativeTarget section */
		BE6D47C9214004DC00A9B13C /* uiTesting */ = {
			isa = PBXNativeTarget;
			buildConfigurationList = BE6D47E7214004DE00A9B13C /* Build configuration list for PBXNativeTarget "uiTesting" */;
			buildPhases = (
				BE6D47C6214004DC00A9B13C /* Sources */,
				BE6D47C7214004DC00A9B13C /* Frameworks */,
				BE6D47C8214004DC00A9B13C /* Resources */,
			);
			buildRules = (
			);
			dependencies = (
			);
			name = uiTesting;
			productName = uiTesting;
			productReference = BE6D47CA214004DC00A9B13C /* uiTesting.app */;
			productType = "com.apple.product-type.application";
		};
		BE6D47DD214004DE00A9B13C /* uiTestingUITests */ = {
			isa = PBXNativeTarget;
			buildConfigurationList = BE6D47EA214004DE00A9B13C /* Build configuration list for PBXNativeTarget "uiTestingUITests" */;
			buildPhases = (
				BE6D47DA214004DE00A9B13C /* Sources */,
				BE6D47DB214004DE00A9B13C /* Frameworks */,
				BE6D47DC214004DE00A9B13C /* Resources */,
				BE98BC5421A6A865000F5857 /* ShellScript */,
			);
			buildRules = (
			);
			dependencies = (
				BE6D47E0214004DE00A9B13C /* PBXTargetDependency */,
			);
			name = uiTestingUITests;
			productName = uiTestingUITests;
			productReference = BE6D47DE214004DE00A9B13C /* uiTestingUITests.xctest */;
			productType = "com.apple.product-type.bundle.ui-testing";
		};
/* End PBXNativeTarget section */

/* Begin PBXProject section */
		BE6D47C2214004DC00A9B13C /* Project object */ = {
			isa = PBXProject;
			attributes = {
				LastSwiftUpdateCheck = 1010;
				LastUpgradeCheck = 1000;
				ORGANIZATIONNAME = "Elise El beze";
				TargetAttributes = {
					BE6D47C9214004DC00A9B13C = {
						CreatedOnToolsVersion = 10.0;
					};
					BE6D47DD214004DE00A9B13C = {
						CreatedOnToolsVersion = 10.0;
						TestTargetID = BE6D47C9214004DC00A9B13C;
					};
				};
			};
			buildConfigurationList = BE6D47C5214004DC00A9B13C /* Build configuration list for PBXProject "uiTesting" */;
			compatibilityVersion = "Xcode 9.3";
			developmentRegion = en;
			hasScannedForEncodings = 0;
			knownRegions = (
				en,
				Base,
			);
			mainGroup = BE6D47C1214004DC00A9B13C;
			productRefGroup = BE6D47CB214004DC00A9B13C /* Products */;
			projectDirPath = "";
			projectRoot = "";
			targets = (
				BE6D47C9214004DC00A9B13C /* uiTesting */,
				BE6D47DD214004DE00A9B13C /* uiTestingUITests */,
			);
		};
/* End PBXProject section */

/* Begin PBXResourcesBuildPhase section */
		BE6D47C8214004DC00A9B13C /* Resources */ = {
			isa = PBXResourcesBuildPhase;
			buildActionMask = 2147483647;
			files = (
				BE6D47D8214004DE00A9B13C /* LaunchScreen.storyboard in Resources */,
				BE6D47D5214004DE00A9B13C /* Assets.xcassets in Resources */,
				BE6D47D3214004DC00A9B13C /* Main.storyboard in Resources */,
			);
			runOnlyForDeploymentPostprocessing = 0;
		};
		BE6D47DC214004DE00A9B13C /* Resources */ = {
			isa = PBXResourcesBuildPhase;
			buildActionMask = 2147483647;
			files = (
			);
			runOnlyForDeploymentPostprocessing = 0;
		};
/* End PBXResourcesBuildPhase section */

/* Begin PBXShellScriptBuildPhase section */
		BE98BC5421A6A865000F5857 /* ShellScript */ = {
			isa = PBXShellScriptBuildPhase;
			buildActionMask = 2147483647;
			files = (
			);
			inputFileListPaths = (
			);
			inputPaths = (
				"$(SRCROOT)/Carthage/Build/iOS/Snap.framework",
				"$(SRCROOT)/Carthage/Build/iOS/CwlPreconditionTesting.framework",
				"$(SRCROOT)/Carthage/Build/iOS/CwlCatchException.framework",
			);
			outputFileListPaths = (
			);
			outputPaths = (
			);
			runOnlyForDeploymentPostprocessing = 0;
			shellPath = /bin/sh;
			shellScript = "# Type a script or drag a script file from your workspace to insert its path.\n/usr/local/bin/carthage copy-frameworks\n";
		};
/* End PBXShellScriptBuildPhase section */

/* Begin PBXSourcesBuildPhase section */
		BE6D47C6214004DC00A9B13C /* Sources */ = {
			isa = PBXSourcesBuildPhase;
			buildActionMask = 2147483647;
			files = (
				BE6C60C42193392900323732 /* LoginViewController.swift in Sources */,
				BE6D47EE21401DDA00A9B13C /* AppTableViewController.swift in Sources */,
				BE6D47F221403CAA00A9B13C /* AppTableViewCell.swift in Sources */,
				BEB3E7DF2177651E00E7A500 /* DetailAppViewController.swift in Sources */,
				BE6D47F021401EE400A9B13C /* App.swift in Sources */,
				BE6D47CE214004DC00A9B13C /* AppDelegate.swift in Sources */,
			);
			runOnlyForDeploymentPostprocessing = 0;
		};
		BE6D47DA214004DE00A9B13C /* Sources */ = {
			isa = PBXSourcesBuildPhase;
			buildActionMask = 2147483647;
			files = (
				BEF71B0621A5B57200BC4688 /* XCTestCase+WaitElement.swift in Sources */,
				BE6D47E3214004DE00A9B13C /* uiTestingUITests.swift in Sources */,
			);
			runOnlyForDeploymentPostprocessing = 0;
		};
/* End PBXSourcesBuildPhase section */

/* Begin PBXTargetDependency section */
		BE6D47E0214004DE00A9B13C /* PBXTargetDependency */ = {
			isa = PBXTargetDependency;
			target = BE6D47C9214004DC00A9B13C /* uiTesting */;
			targetProxy = BE6D47DF214004DE00A9B13C /* PBXContainerItemProxy */;
		};
/* End PBXTargetDependency section */

/* Begin PBXVariantGroup section */
		BE6D47D1214004DC00A9B13C /* Main.storyboard */ = {
			isa = PBXVariantGroup;
			children = (
				BE6D47D2214004DC00A9B13C /* Base */,
			);
			name = Main.storyboard;
			sourceTree = "<group>";
		};
		BE6D47D6214004DE00A9B13C /* LaunchScreen.storyboard */ = {
			isa = PBXVariantGroup;
			children = (
				BE6D47D7214004DE00A9B13C /* Base */,
			);
			name = LaunchScreen.storyboard;
			sourceTree = "<group>";
		};
/* End PBXVariantGroup section */

/* Begin XCBuildConfiguration section */
		BE6D47E5214004DE00A9B13C /* Debug */ = {
			isa = XCBuildConfiguration;
			buildSettings = {
				ALWAYS_SEARCH_USER_PATHS = NO;
				CLANG_ANALYZER_NONNULL = YES;
				CLANG_ANALYZER_NUMBER_OBJECT_CONVERSION = YES_AGGRESSIVE;
				CLANG_CXX_LANGUAGE_STANDARD = "gnu++14";
				CLANG_CXX_LIBRARY = "libc++";
				CLANG_ENABLE_MODULES = YES;
				CLANG_ENABLE_OBJC_ARC = YES;
				CLANG_ENABLE_OBJC_WEAK = YES;
				CLANG_WARN_BLOCK_CAPTURE_AUTORELEASING = YES;
				CLANG_WARN_BOOL_CONVERSION = YES;
				CLANG_WARN_COMMA = YES;
				CLANG_WARN_CONSTANT_CONVERSION = YES;
				CLANG_WARN_DEPRECATED_OBJC_IMPLEMENTATIONS = YES;
				CLANG_WARN_DIRECT_OBJC_ISA_USAGE = YES_ERROR;
				CLANG_WARN_DOCUMENTATION_COMMENTS = YES;
				CLANG_WARN_EMPTY_BODY = YES;
				CLANG_WARN_ENUM_CONVERSION = YES;
				CLANG_WARN_INFINITE_RECURSION = YES;
				CLANG_WARN_INT_CONVERSION = YES;
				CLANG_WARN_NON_LITERAL_NULL_CONVERSION = YES;
				CLANG_WARN_OBJC_IMPLICIT_RETAIN_SELF = YES;
				CLANG_WARN_OBJC_LITERAL_CONVERSION = YES;
				CLANG_WARN_OBJC_ROOT_CLASS = YES_ERROR;
				CLANG_WARN_RANGE_LOOP_ANALYSIS = YES;
				CLANG_WARN_STRICT_PROTOTYPES = YES;
				CLANG_WARN_SUSPICIOUS_MOVE = YES;
				CLANG_WARN_UNGUARDED_AVAILABILITY = YES_AGGRESSIVE;
				CLANG_WARN_UNREACHABLE_CODE = YES;
				CLANG_WARN__DUPLICATE_METHOD_MATCH = YES;
				CODE_SIGN_IDENTITY = "iPhone Developer";
				COPY_PHASE_STRIP = NO;
				DEBUG_INFORMATION_FORMAT = dwarf;
				ENABLE_STRICT_OBJC_MSGSEND = YES;
				ENABLE_TESTABILITY = YES;
				GCC_C_LANGUAGE_STANDARD = gnu11;
				GCC_DYNAMIC_NO_PIC = NO;
				GCC_NO_COMMON_BLOCKS = YES;
				GCC_OPTIMIZATION_LEVEL = 0;
				GCC_PREPROCESSOR_DEFINITIONS = (
					"DEBUG=1",
					"$(inherited)",
				);
				GCC_WARN_64_TO_32_BIT_CONVERSION = YES;
				GCC_WARN_ABOUT_RETURN_TYPE = YES_ERROR;
				GCC_WARN_UNDECLARED_SELECTOR = YES;
				GCC_WARN_UNINITIALIZED_AUTOS = YES_AGGRESSIVE;
				GCC_WARN_UNUSED_FUNCTION = YES;
				GCC_WARN_UNUSED_VARIABLE = YES;
				IPHONEOS_DEPLOYMENT_TARGET = 12.0;
				MTL_ENABLE_DEBUG_INFO = INCLUDE_SOURCE;
				ONLY_ACTIVE_ARCH = YES;
				SDKROOT = iphoneos;
				SWIFT_ACTIVE_COMPILATION_CONDITIONS = DEBUG;
				SWIFT_OPTIMIZATION_LEVEL = "-Onone";
			};
			name = Debug;
		};
		BE6D47E6214004DE00A9B13C /* Release */ = {
			isa = XCBuildConfiguration;
			buildSettings = {
				ALWAYS_SEARCH_USER_PATHS = NO;
				CLANG_ANALYZER_NONNULL = YES;
				CLANG_ANALYZER_NUMBER_OBJECT_CONVERSION = YES_AGGRESSIVE;
				CLANG_CXX_LANGUAGE_STANDARD = "gnu++14";
				CLANG_CXX_LIBRARY = "libc++";
				CLANG_ENABLE_MODULES = YES;
				CLANG_ENABLE_OBJC_ARC = YES;
				CLANG_ENABLE_OBJC_WEAK = YES;
				CLANG_WARN_BLOCK_CAPTURE_AUTORELEASING = YES;
				CLANG_WARN_BOOL_CONVERSION = YES;
				CLANG_WARN_COMMA = YES;
				CLANG_WARN_CONSTANT_CONVERSION = YES;
				CLANG_WARN_DEPRECATED_OBJC_IMPLEMENTATIONS = YES;
				CLANG_WARN_DIRECT_OBJC_ISA_USAGE = YES_ERROR;
				CLANG_WARN_DOCUMENTATION_COMMENTS = YES;
				CLANG_WARN_EMPTY_BODY = YES;
				CLANG_WARN_ENUM_CONVERSION = YES;
				CLANG_WARN_INFINITE_RECURSION = YES;
				CLANG_WARN_INT_CONVERSION = YES;
				CLANG_WARN_NON_LITERAL_NULL_CONVERSION = YES;
				CLANG_WARN_OBJC_IMPLICIT_RETAIN_SELF = YES;
				CLANG_WARN_OBJC_LITERAL_CONVERSION = YES;
				CLANG_WARN_OBJC_ROOT_CLASS = YES_ERROR;
				CLANG_WARN_RANGE_LOOP_ANALYSIS = YES;
				CLANG_WARN_STRICT_PROTOTYPES = YES;
				CLANG_WARN_SUSPICIOUS_MOVE = YES;
				CLANG_WARN_UNGUARDED_AVAILABILITY = YES_AGGRESSIVE;
				CLANG_WARN_UNREACHABLE_CODE = YES;
				CLANG_WARN__DUPLICATE_METHOD_MATCH = YES;
				CODE_SIGN_IDENTITY = "iPhone Developer";
				COPY_PHASE_STRIP = NO;
				DEBUG_INFORMATION_FORMAT = "dwarf-with-dsym";
				ENABLE_NS_ASSERTIONS = NO;
				ENABLE_STRICT_OBJC_MSGSEND = YES;
				GCC_C_LANGUAGE_STANDARD = gnu11;
				GCC_NO_COMMON_BLOCKS = YES;
				GCC_WARN_64_TO_32_BIT_CONVERSION = YES;
				GCC_WARN_ABOUT_RETURN_TYPE = YES_ERROR;
				GCC_WARN_UNDECLARED_SELECTOR = YES;
				GCC_WARN_UNINITIALIZED_AUTOS = YES_AGGRESSIVE;
				GCC_WARN_UNUSED_FUNCTION = YES;
				GCC_WARN_UNUSED_VARIABLE = YES;
				IPHONEOS_DEPLOYMENT_TARGET = 12.0;
				MTL_ENABLE_DEBUG_INFO = NO;
				SDKROOT = iphoneos;
				SWIFT_COMPILATION_MODE = wholemodule;
				SWIFT_OPTIMIZATION_LEVEL = "-O";
				VALIDATE_PRODUCT = YES;
			};
			name = Release;
		};
		BE6D47E8214004DE00A9B13C /* Debug */ = {
			isa = XCBuildConfiguration;
			buildSettings = {
				ASSETCATALOG_COMPILER_APPICON_NAME = AppIcon;
				CODE_SIGN_STYLE = Automatic;
				DEVELOPMENT_TEAM = NHTM26LRB8;
				FRAMEWORK_SEARCH_PATHS = (
					"$(inherited)",
					"$(PROJECT_DIR)/Carthage/Build/iOS",
				);
				INFOPLIST_FILE = uiTesting/Info.plist;
				LD_RUNPATH_SEARCH_PATHS = (
					"$(inherited)",
					"@executable_path/Frameworks",
				);
				PRODUCT_BUNDLE_IDENTIFIER = com.elise.uiTesting.uiTesting;
				PRODUCT_NAME = "$(TARGET_NAME)";
				SWIFT_VERSION = 4.2;
				TARGETED_DEVICE_FAMILY = "1,2";
			};
			name = Debug;
		};
		BE6D47E9214004DE00A9B13C /* Release */ = {
			isa = XCBuildConfiguration;
			buildSettings = {
				ASSETCATALOG_COMPILER_APPICON_NAME = AppIcon;
				CODE_SIGN_STYLE = Automatic;
				DEVELOPMENT_TEAM = NHTM26LRB8;
				FRAMEWORK_SEARCH_PATHS = (
					"$(inherited)",
					"$(PROJECT_DIR)/Carthage/Build/iOS",
				);
				INFOPLIST_FILE = uiTesting/Info.plist;
				LD_RUNPATH_SEARCH_PATHS = (
					"$(inherited)",
					"@executable_path/Frameworks",
				);
				PRODUCT_BUNDLE_IDENTIFIER = com.elise.uiTesting.uiTesting;
				PRODUCT_NAME = "$(TARGET_NAME)";
				SWIFT_VERSION = 4.2;
				TARGETED_DEVICE_FAMILY = "1,2";
			};
			name = Release;
		};
		BE6D47EB214004DE00A9B13C /* Debug */ = {
			isa = XCBuildConfiguration;
			buildSettings = {
				ALWAYS_EMBED_SWIFT_STANDARD_LIBRARIES = YES;
				CODE_SIGN_STYLE = Automatic;
				DEVELOPMENT_TEAM = NHTM26LRB8;
				FRAMEWORK_SEARCH_PATHS = (
					"$(inherited)",
					"$(PROJECT_DIR)/Carthage/Build/iOS",
				);
				INFOPLIST_FILE = uiTestingUITests/Info.plist;
				LD_RUNPATH_SEARCH_PATHS = (
					"$(inherited)",
					"@executable_path/Frameworks",
					"@loader_path/Frameworks",
				);
				PRODUCT_BUNDLE_IDENTIFIER = com.elise.uiTesting.uiTestingUITests;
				PRODUCT_NAME = "$(TARGET_NAME)";
				SWIFT_VERSION = 4.2;
				TARGETED_DEVICE_FAMILY = "1,2";
				TEST_TARGET_NAME = uiTesting;
			};
			name = Debug;
		};
		BE6D47EC214004DE00A9B13C /* Release */ = {
			isa = XCBuildConfiguration;
			buildSettings = {
				ALWAYS_EMBED_SWIFT_STANDARD_LIBRARIES = YES;
				CODE_SIGN_STYLE = Automatic;
				DEVELOPMENT_TEAM = NHTM26LRB8;
				FRAMEWORK_SEARCH_PATHS = (
					"$(inherited)",
					"$(PROJECT_DIR)/Carthage/Build/iOS",
				);
				INFOPLIST_FILE = uiTestingUITests/Info.plist;
				LD_RUNPATH_SEARCH_PATHS = (
					"$(inherited)",
					"@executable_path/Frameworks",
					"@loader_path/Frameworks",
				);
				PRODUCT_BUNDLE_IDENTIFIER = com.elise.uiTesting.uiTestingUITests;
				PRODUCT_NAME = "$(TARGET_NAME)";
				SWIFT_VERSION = 4.2;
				TARGETED_DEVICE_FAMILY = "1,2";
				TEST_TARGET_NAME = uiTesting;
			};
			name = Release;
		};
/* End XCBuildConfiguration section */

/* Begin XCConfigurationList section */
		BE6D47C5214004DC00A9B13C /* Build configuration list for PBXProject "uiTesting" */ = {
			isa = XCConfigurationList;
			buildConfigurations = (
				BE6D47E5214004DE00A9B13C /* Debug */,
				BE6D47E6214004DE00A9B13C /* Release */,
			);
			defaultConfigurationIsVisible = 0;
			defaultConfigurationName = Release;
		};
		BE6D47E7214004DE00A9B13C /* Build configuration list for PBXNativeTarget "uiTesting" */ = {
			isa = XCConfigurationList;
			buildConfigurations = (
				BE6D47E8214004DE00A9B13C /* Debug */,
				BE6D47E9214004DE00A9B13C /* Release */,
			);
			defaultConfigurationIsVisible = 0;
			defaultConfigurationName = Release;
		};
		BE6D47EA214004DE00A9B13C /* Build configuration list for PBXNativeTarget "uiTestingUITests" */ = {
			isa = XCConfigurationList;
			buildConfigurations = (
				BE6D47EB214004DE00A9B13C /* Debug */,
				BE6D47EC214004DE00A9B13C /* Release */,
			);
			defaultConfigurationIsVisible = 0;
			defaultConfigurationName = Release;
		};
/* End XCConfigurationList section */
	};
	rootObject = BE6D47C2214004DC00A9B13C /* Project object */;
}
